// !$*UTF8*$!
{
	archiveVersion = 1;
	classes = {
	};
	objectVersion = 48;
	objects = {

/* Begin PBXBuildFile section */
		A51CE52B205BAF3300E3397D /* AppDelegate.m in Sources */ = {isa = PBXBuildFile; fileRef = A51CE52A205BAF3300E3397D /* AppDelegate.m */; };
		A51CE531205BAF3300E3397D /* Main.storyboard in Resources */ = {isa = PBXBuildFile; fileRef = A51CE52F205BAF3300E3397D /* Main.storyboard */; };
		A51CE533205BAF3300E3397D /* Assets.xcassets in Resources */ = {isa = PBXBuildFile; fileRef = A51CE532205BAF3300E3397D /* Assets.xcassets */; };
		A51CE536205BAF3300E3397D /* LaunchScreen.storyboard in Resources */ = {isa = PBXBuildFile; fileRef = A51CE534205BAF3300E3397D /* LaunchScreen.storyboard */; };
		A51CE539205BAF3300E3397D /* main.m in Sources */ = {isa = PBXBuildFile; fileRef = A51CE538205BAF3300E3397D /* main.m */; };
		A51CE543205BAF3300E3397D /* YjjMatchBarChatDemoTests.m in Sources */ = {isa = PBXBuildFile; fileRef = A51CE542205BAF3300E3397D /* YjjMatchBarChatDemoTests.m */; };
		A51CE54E205BAF3300E3397D /* YjjMatchBarChatDemoUITests.m in Sources */ = {isa = PBXBuildFile; fileRef = A51CE54D205BAF3300E3397D /* YjjMatchBarChatDemoUITests.m */; };
		A51CE55D205BAF5A00E3397D /* YjjHomePageViewController.m in Sources */ = {isa = PBXBuildFile; fileRef = A51CE55C205BAF5A00E3397D /* YjjHomePageViewController.m */; };
		A51CE562205BB09F00E3397D /* CustomTextLayer.m in Sources */ = {isa = PBXBuildFile; fileRef = A51CE561205BB09F00E3397D /* CustomTextLayer.m */; };
		A51CE565205BB0B300E3397D /* MatchBarChatView.m in Sources */ = {isa = PBXBuildFile; fileRef = A51CE564205BB0B300E3397D /* MatchBarChatView.m */; };
		A51CE568205BB0F900E3397D /* MatchAmountConverter.m in Sources */ = {isa = PBXBuildFile; fileRef = A51CE567205BB0F900E3397D /* MatchAmountConverter.m */; };
		A51CE56A205BB6E700E3397D /* qiu@2x.png in Resources */ = {isa = PBXBuildFile; fileRef = A51CE569205BB6E700E3397D /* qiu@2x.png */; };
/* End PBXBuildFile section */

/* Begin PBXContainerItemProxy section */
		A51CE53F205BAF3300E3397D /* PBXContainerItemProxy */ = {
			isa = PBXContainerItemProxy;
			containerPortal = A51CE51E205BAF3300E3397D /* Project object */;
			proxyType = 1;
			remoteGlobalIDString = A51CE525205BAF3300E3397D;
			remoteInfo = YjjMatchBarChatDemo;
		};
		A51CE54A205BAF3300E3397D /* PBXContainerItemProxy */ = {
			isa = PBXContainerItemProxy;
			containerPortal = A51CE51E205BAF3300E3397D /* Project object */;
			proxyType = 1;
			remoteGlobalIDString = A51CE525205BAF3300E3397D;
			remoteInfo = YjjMatchBarChatDemo;
		};
/* End PBXContainerItemProxy section */

/* Begin PBXFileReference section */
		A51CE526205BAF3300E3397D /* YjjMatchBarChatDemo.app */ = {isa = PBXFileReference; explicitFileType = wrapper.application; includeInIndex = 0; path = YjjMatchBarChatDemo.app; sourceTree = BUILT_PRODUCTS_DIR; };
		A51CE529205BAF3300E3397D /* AppDelegate.h */ = {isa = PBXFileReference; lastKnownFileType = sourcecode.c.h; path = AppDelegate.h; sourceTree = "<group>"; };
		A51CE52A205BAF3300E3397D /* AppDelegate.m */ = {isa = PBXFileReference; lastKnownFileType = sourcecode.c.objc; path = AppDelegate.m; sourceTree = "<group>"; };
		A51CE530205BAF3300E3397D /* Base */ = {isa = PBXFileReference; lastKnownFileType = file.storyboard; name = Base; path = Base.lproj/Main.storyboard; sourceTree = "<group>"; };
		A51CE532205BAF3300E3397D /* Assets.xcassets */ = {isa = PBXFileReference; lastKnownFileType = folder.assetcatalog; path = Assets.xcassets; sourceTree = "<group>"; };
		A51CE535205BAF3300E3397D /* Base */ = {isa = PBXFileReference; lastKnownFileType = file.storyboard; name = Base; path = Base.lproj/LaunchScreen.storyboard; sourceTree = "<group>"; };
		A51CE537205BAF3300E3397D /* Info.plist */ = {isa = PBXFileReference; lastKnownFileType = text.plist.xml; path = Info.plist; sourceTree = "<group>"; };
		A51CE538205BAF3300E3397D /* main.m */ = {isa = PBXFileReference; lastKnownFileType = sourcecode.c.objc; path = main.m; sourceTree = "<group>"; };
		A51CE53E205BAF3300E3397D /* YjjMatchBarChatDemoTests.xctest */ = {isa = PBXFileReference; explicitFileType = wrapper.cfbundle; includeInIndex = 0; path = YjjMatchBarChatDemoTests.xctest; sourceTree = BUILT_PRODUCTS_DIR; };
		A51CE542205BAF3300E3397D /* YjjMatchBarChatDemoTests.m */ = {isa = PBXFileReference; lastKnownFileType = sourcecode.c.objc; path = YjjMatchBarChatDemoTests.m; sourceTree = "<group>"; };
		A51CE544205BAF3300E3397D /* Info.plist */ = {isa = PBXFileReference; lastKnownFileType = text.plist.xml; path = Info.plist; sourceTree = "<group>"; };
		A51CE549205BAF3300E3397D /* YjjMatchBarChatDemoUITests.xctest */ = {isa = PBXFileReference; explicitFileType = wrapper.cfbundle; includeInIndex = 0; path = YjjMatchBarChatDemoUITests.xctest; sourceTree = BUILT_PRODUCTS_DIR; };
		A51CE54D205BAF3300E3397D /* YjjMatchBarChatDemoUITests.m */ = {isa = PBXFileReference; lastKnownFileType = sourcecode.c.objc; path = YjjMatchBarChatDemoUITests.m; sourceTree = "<group>"; };
		A51CE54F205BAF3300E3397D /* Info.plist */ = {isa = PBXFileReference; lastKnownFileType = text.plist.xml; path = Info.plist; sourceTree = "<group>"; };
		A51CE55B205BAF5A00E3397D /* YjjHomePageViewController.h */ = {isa = PBXFileReference; lastKnownFileType = sourcecode.c.h; path = YjjHomePageViewController.h; sourceTree = "<group>"; };
		A51CE55C205BAF5A00E3397D /* YjjHomePageViewController.m */ = {isa = PBXFileReference; lastKnownFileType = sourcecode.c.objc; path = YjjHomePageViewController.m; sourceTree = "<group>"; };
		A51CE560205BB09F00E3397D /* CustomTextLayer.h */ = {isa = PBXFileReference; lastKnownFileType = sourcecode.c.h; path = CustomTextLayer.h; sourceTree = "<group>"; };
		A51CE561205BB09F00E3397D /* CustomTextLayer.m */ = {isa = PBXFileReference; lastKnownFileType = sourcecode.c.objc; path = CustomTextLayer.m; sourceTree = "<group>"; };
		A51CE563205BB0B300E3397D /* MatchBarChatView.h */ = {isa = PBXFileReference; lastKnownFileType = sourcecode.c.h; path = MatchBarChatView.h; sourceTree = "<group>"; };
		A51CE564205BB0B300E3397D /* MatchBarChatView.m */ = {isa = PBXFileReference; lastKnownFileType = sourcecode.c.objc; path = MatchBarChatView.m; sourceTree = "<group>"; };
		A51CE566205BB0F900E3397D /* MatchAmountConverter.h */ = {isa = PBXFileReference; lastKnownFileType = sourcecode.c.h; path = MatchAmountConverter.h; sourceTree = "<group>"; };
		A51CE567205BB0F900E3397D /* MatchAmountConverter.m */ = {isa = PBXFileReference; lastKnownFileType = sourcecode.c.objc; path = MatchAmountConverter.m; sourceTree = "<group>"; };
		A51CE569205BB6E700E3397D /* qiu@2x.png */ = {isa = PBXFileReference; lastKnownFileType = image.png; path = "qiu@2x.png"; sourceTree = "<group>"; };
/* End PBXFileReference section */

/* Begin PBXFrameworksBuildPhase section */
		A51CE523205BAF3300E3397D /* Frameworks */ = {
			isa = PBXFrameworksBuildPhase;
			buildActionMask = 2147483647;
			files = (
			);
			runOnlyForDeploymentPostprocessing = 0;
		};
		A51CE53B205BAF3300E3397D /* Frameworks */ = {
			isa = PBXFrameworksBuildPhase;
			buildActionMask = 2147483647;
			files = (
			);
			runOnlyForDeploymentPostprocessing = 0;
		};
		A51CE546205BAF3300E3397D /* Frameworks */ = {
			isa = PBXFrameworksBuildPhase;
			buildActionMask = 2147483647;
			files = (
			);
			runOnlyForDeploymentPostprocessing = 0;
		};
/* End PBXFrameworksBuildPhase section */

/* Begin PBXGroup section */
		A51CE51D205BAF3300E3397D = {
			isa = PBXGroup;
			children = (
				A51CE528205BAF3300E3397D /* YjjMatchBarChatDemo */,
				A51CE541205BAF3300E3397D /* YjjMatchBarChatDemoTests */,
				A51CE54C205BAF3300E3397D /* YjjMatchBarChatDemoUITests */,
				A51CE527205BAF3300E3397D /* Products */,
			);
			sourceTree = "<group>";
		};
		A51CE527205BAF3300E3397D /* Products */ = {
			isa = PBXGroup;
			children = (
				A51CE526205BAF3300E3397D /* YjjMatchBarChatDemo.app */,
				A51CE53E205BAF3300E3397D /* YjjMatchBarChatDemoTests.xctest */,
				A51CE549205BAF3300E3397D /* YjjMatchBarChatDemoUITests.xctest */,
			);
			name = Products;
			sourceTree = "<group>";
		};
		A51CE528205BAF3300E3397D /* YjjMatchBarChatDemo */ = {
			isa = PBXGroup;
			children = (
				A51CE55F205BB07A00E3397D /* MatchBarChat */,
				A51CE529205BAF3300E3397D /* AppDelegate.h */,
				A51CE52A205BAF3300E3397D /* AppDelegate.m */,
				A51CE55B205BAF5A00E3397D /* YjjHomePageViewController.h */,
				A51CE55C205BAF5A00E3397D /* YjjHomePageViewController.m */,
				A51CE55E205BAF8D00E3397D /* SuportFiles */,
			);
			path = YjjMatchBarChatDemo;
			sourceTree = "<group>";
		};
		A51CE541205BAF3300E3397D /* YjjMatchBarChatDemoTests */ = {
			isa = PBXGroup;
			children = (
				A51CE542205BAF3300E3397D /* YjjMatchBarChatDemoTests.m */,
				A51CE544205BAF3300E3397D /* Info.plist */,
			);
			path = YjjMatchBarChatDemoTests;
			sourceTree = "<group>";
		};
		A51CE54C205BAF3300E3397D /* YjjMatchBarChatDemoUITests */ = {
			isa = PBXGroup;
			children = (
				A51CE54D205BAF3300E3397D /* YjjMatchBarChatDemoUITests.m */,
				A51CE54F205BAF3300E3397D /* Info.plist */,
			);
			path = YjjMatchBarChatDemoUITests;
			sourceTree = "<group>";
		};
		A51CE55E205BAF8D00E3397D /* SuportFiles */ = {
			isa = PBXGroup;
			children = (
				A51CE569205BB6E700E3397D /* qiu@2x.png */,
				A51CE52F205BAF3300E3397D /* Main.storyboard */,
				A51CE532205BAF3300E3397D /* Assets.xcassets */,
				A51CE534205BAF3300E3397D /* LaunchScreen.storyboard */,
				A51CE537205BAF3300E3397D /* Info.plist */,
				A51CE538205BAF3300E3397D /* main.m */,
			);
			path = SuportFiles;
			sourceTree = "<group>";
		};
		A51CE55F205BB07A00E3397D /* MatchBarChat */ = {
			isa = PBXGroup;
			children = (
				A51CE560205BB09F00E3397D /* CustomTextLayer.h */,
				A51CE561205BB09F00E3397D /* CustomTextLayer.m */,
				A51CE563205BB0B300E3397D /* MatchBarChatView.h */,
				A51CE564205BB0B300E3397D /* MatchBarChatView.m */,
				A51CE566205BB0F900E3397D /* MatchAmountConverter.h */,
				A51CE567205BB0F900E3397D /* MatchAmountConverter.m */,
			);
			path = MatchBarChat;
			sourceTree = "<group>";
		};
/* End PBXGroup section */

/* Begin PBXNativeTarget section */
		A51CE525205BAF3300E3397D /* YjjMatchBarChatDemo */ = {
			isa = PBXNativeTarget;
			buildConfigurationList = A51CE552205BAF3300E3397D /* Build configuration list for PBXNativeTarget "YjjMatchBarChatDemo" */;
			buildPhases = (
				A51CE522205BAF3300E3397D /* Sources */,
				A51CE523205BAF3300E3397D /* Frameworks */,
				A51CE524205BAF3300E3397D /* Resources */,
			);
			buildRules = (
			);
			dependencies = (
			);
			name = YjjMatchBarChatDemo;
			productName = YjjMatchBarChatDemo;
			productReference = A51CE526205BAF3300E3397D /* YjjMatchBarChatDemo.app */;
			productType = "com.apple.product-type.application";
		};
		A51CE53D205BAF3300E3397D /* YjjMatchBarChatDemoTests */ = {
			isa = PBXNativeTarget;
			buildConfigurationList = A51CE555205BAF3300E3397D /* Build configuration list for PBXNativeTarget "YjjMatchBarChatDemoTests" */;
			buildPhases = (
				A51CE53A205BAF3300E3397D /* Sources */,
				A51CE53B205BAF3300E3397D /* Frameworks */,
				A51CE53C205BAF3300E3397D /* Resources */,
			);
			buildRules = (
			);
			dependencies = (
				A51CE540205BAF3300E3397D /* PBXTargetDependency */,
			);
			name = YjjMatchBarChatDemoTests;
			productName = YjjMatchBarChatDemoTests;
			productReference = A51CE53E205BAF3300E3397D /* YjjMatchBarChatDemoTests.xctest */;
			productType = "com.apple.product-type.bundle.unit-test";
		};
		A51CE548205BAF3300E3397D /* YjjMatchBarChatDemoUITests */ = {
			isa = PBXNativeTarget;
			buildConfigurationList = A51CE558205BAF3300E3397D /* Build configuration list for PBXNativeTarget "YjjMatchBarChatDemoUITests" */;
			buildPhases = (
				A51CE545205BAF3300E3397D /* Sources */,
				A51CE546205BAF3300E3397D /* Frameworks */,
				A51CE547205BAF3300E3397D /* Resources */,
			);
			buildRules = (
			);
			dependencies = (
				A51CE54B205BAF3300E3397D /* PBXTargetDependency */,
			);
			name = YjjMatchBarChatDemoUITests;
			productName = YjjMatchBarChatDemoUITests;
			productReference = A51CE549205BAF3300E3397D /* YjjMatchBarChatDemoUITests.xctest */;
			productType = "com.apple.product-type.bundle.ui-testing";
		};
/* End PBXNativeTarget section */

/* Begin PBXProject section */
		A51CE51E205BAF3300E3397D /* Project object */ = {
			isa = PBXProject;
			attributes = {
				LastUpgradeCheck = 0920;
				ORGANIZATIONNAME = YjjTT;
				TargetAttributes = {
					A51CE525205BAF3300E3397D = {
						CreatedOnToolsVersion = 9.2;
						ProvisioningStyle = Automatic;
					};
					A51CE53D205BAF3300E3397D = {
						CreatedOnToolsVersion = 9.2;
						ProvisioningStyle = Automatic;
						TestTargetID = A51CE525205BAF3300E3397D;
					};
					A51CE548205BAF3300E3397D = {
						CreatedOnToolsVersion = 9.2;
						ProvisioningStyle = Automatic;
						TestTargetID = A51CE525205BAF3300E3397D;
					};
				};
			};
			buildConfigurationList = A51CE521205BAF3300E3397D /* Build configuration list for PBXProject "YjjMatchBarChatDemo" */;
			compatibilityVersion = "Xcode 8.0";
			developmentRegion = en;
			hasScannedForEncodings = 0;
			knownRegions = (
				en,
				Base,
			);
			mainGroup = A51CE51D205BAF3300E3397D;
			productRefGroup = A51CE527205BAF3300E3397D /* Products */;
			projectDirPath = "";
			projectRoot = "";
			targets = (
				A51CE525205BAF3300E3397D /* YjjMatchBarChatDemo */,
				A51CE53D205BAF3300E3397D /* YjjMatchBarChatDemoTests */,
				A51CE548205BAF3300E3397D /* YjjMatchBarChatDemoUITests */,
			);
		};
/* End PBXProject section */

/* Begin PBXResourcesBuildPhase section */
		A51CE524205BAF3300E3397D /* Resources */ = {
			isa = PBXResourcesBuildPhase;
			buildActionMask = 2147483647;
			files = (
				A51CE536205BAF3300E3397D /* LaunchScreen.storyboard in Resources */,
				A51CE533205BAF3300E3397D /* Assets.xcassets in Resources */,
				A51CE56A205BB6E700E3397D /* qiu@2x.png in Resources */,
				A51CE531205BAF3300E3397D /* Main.storyboard in Resources */,
			);
			runOnlyForDeploymentPostprocessing = 0;
		};
		A51CE53C205BAF3300E3397D /* Resources */ = {
			isa = PBXResourcesBuildPhase;
			buildActionMask = 2147483647;
			files = (
			);
			runOnlyForDeploymentPostprocessing = 0;
		};
		A51CE547205BAF3300E3397D /* Resources */ = {
			isa = PBXResourcesBuildPhase;
			buildActionMask = 2147483647;
			files = (
			);
			runOnlyForDeploymentPostprocessing = 0;
		};
/* End PBXResourcesBuildPhase section */

/* Begin PBXSourcesBuildPhase section */
		A51CE522205BAF3300E3397D /* Sources */ = {
			isa = PBXSourcesBuildPhase;
			buildActionMask = 2147483647;
			files = (
				A51CE55D205BAF5A00E3397D /* YjjHomePageViewController.m in Sources */,
				A51CE565205BB0B300E3397D /* MatchBarChatView.m in Sources */,
				A51CE562205BB09F00E3397D /* CustomTextLayer.m in Sources */,
				A51CE539205BAF3300E3397D /* main.m in Sources */,
				A51CE568205BB0F900E3397D /* MatchAmountConverter.m in Sources */,
				A51CE52B205BAF3300E3397D /* AppDelegate.m in Sources */,
			);
			runOnlyForDeploymentPostprocessing = 0;
		};
		A51CE53A205BAF3300E3397D /* Sources */ = {
			isa = PBXSourcesBuildPhase;
			buildActionMask = 2147483647;
			files = (
				A51CE543205BAF3300E3397D /* YjjMatchBarChatDemoTests.m in Sources */,
			);
			runOnlyForDeploymentPostprocessing = 0;
		};
		A51CE545205BAF3300E3397D /* Sources */ = {
			isa = PBXSourcesBuildPhase;
			buildActionMask = 2147483647;
			files = (
				A51CE54E205BAF3300E3397D /* YjjMatchBarChatDemoUITests.m in Sources */,
			);
			runOnlyForDeploymentPostprocessing = 0;
		};
/* End PBXSourcesBuildPhase section */

/* Begin PBXTargetDependency section */
		A51CE540205BAF3300E3397D /* PBXTargetDependency */ = {
			isa = PBXTargetDependency;
			target = A51CE525205BAF3300E3397D /* YjjMatchBarChatDemo */;
			targetProxy = A51CE53F205BAF3300E3397D /* PBXContainerItemProxy */;
		};
		A51CE54B205BAF3300E3397D /* PBXTargetDependency */ = {
			isa = PBXTargetDependency;
			target = A51CE525205BAF3300E3397D /* YjjMatchBarChatDemo */;
			targetProxy = A51CE54A205BAF3300E3397D /* PBXContainerItemProxy */;
		};
/* End PBXTargetDependency section */

/* Begin PBXVariantGroup section */
		A51CE52F205BAF3300E3397D /* Main.storyboard */ = {
			isa = PBXVariantGroup;
			children = (
				A51CE530205BAF3300E3397D /* Base */,
			);
			name = Main.storyboard;
			sourceTree = "<group>";
		};
		A51CE534205BAF3300E3397D /* LaunchScreen.storyboard */ = {
			isa = PBXVariantGroup;
			children = (
				A51CE535205BAF3300E3397D /* Base */,
			);
			name = LaunchScreen.storyboard;
			sourceTree = "<group>";
		};
/* End PBXVariantGroup section */

/* Begin XCBuildConfiguration section */
		A51CE550205BAF3300E3397D /* Debug */ = {
			isa = XCBuildConfiguration;
			buildSettings = {
				ALWAYS_SEARCH_USER_PATHS = NO;
				CLANG_ANALYZER_NONNULL = YES;
				CLANG_ANALYZER_NUMBER_OBJECT_CONVERSION = YES_AGGRESSIVE;
				CLANG_CXX_LANGUAGE_STANDARD = "gnu++14";
				CLANG_CXX_LIBRARY = "libc++";
				CLANG_ENABLE_MODULES = YES;
				CLANG_ENABLE_OBJC_ARC = YES;
				CLANG_WARN_BLOCK_CAPTURE_AUTORELEASING = YES;
				CLANG_WARN_BOOL_CONVERSION = YES;
				CLANG_WARN_COMMA = YES;
				CLANG_WARN_CONSTANT_CONVERSION = YES;
				CLANG_WARN_DIRECT_OBJC_ISA_USAGE = YES_ERROR;
				CLANG_WARN_DOCUMENTATION_COMMENTS = YES;
				CLANG_WARN_EMPTY_BODY = YES;
				CLANG_WARN_ENUM_CONVERSION = YES;
				CLANG_WARN_INFINITE_RECURSION = YES;
				CLANG_WARN_INT_CONVERSION = YES;
				CLANG_WARN_NON_LITERAL_NULL_CONVERSION = YES;
				CLANG_WARN_OBJC_LITERAL_CONVERSION = YES;
				CLANG_WARN_OBJC_ROOT_CLASS = YES_ERROR;
				CLANG_WARN_RANGE_LOOP_ANALYSIS = YES;
				CLANG_WARN_STRICT_PROTOTYPES = YES;
				CLANG_WARN_SUSPICIOUS_MOVE = YES;
				CLANG_WARN_UNGUARDED_AVAILABILITY = YES_AGGRESSIVE;
				CLANG_WARN_UNREACHABLE_CODE = YES;
				CLANG_WARN__DUPLICATE_METHOD_MATCH = YES;
				CODE_SIGN_IDENTITY = "iPhone Developer";
				COPY_PHASE_STRIP = NO;
				DEBUG_INFORMATION_FORMAT = dwarf;
				ENABLE_STRICT_OBJC_MSGSEND = YES;
				ENABLE_TESTABILITY = YES;
				GCC_C_LANGUAGE_STANDARD = gnu11;
				GCC_DYNAMIC_NO_PIC = NO;
				GCC_NO_COMMON_BLOCKS = YES;
				GCC_OPTIMIZATION_LEVEL = 0;
				GCC_PREPROCESSOR_DEFINITIONS = (
					"DEBUG=1",
					"$(inherited)",
				);
				GCC_WARN_64_TO_32_BIT_CONVERSION = YES;
				GCC_WARN_ABOUT_RETURN_TYPE = YES_ERROR;
				GCC_WARN_UNDECLARED_SELECTOR = YES;
				GCC_WARN_UNINITIALIZED_AUTOS = YES_AGGRESSIVE;
				GCC_WARN_UNUSED_FUNCTION = YES;
				GCC_WARN_UNUSED_VARIABLE = YES;
				IPHONEOS_DEPLOYMENT_TARGET = 11.2;
				MTL_ENABLE_DEBUG_INFO = YES;
				ONLY_ACTIVE_ARCH = YES;
				SDKROOT = iphoneos;
			};
			name = Debug;
		};
		A51CE551205BAF3300E3397D /* Release */ = {
			isa = XCBuildConfiguration;
			buildSettings = {
				ALWAYS_SEARCH_USER_PATHS = NO;
				CLANG_ANALYZER_NONNULL = YES;
				CLANG_ANALYZER_NUMBER_OBJECT_CONVERSION = YES_AGGRESSIVE;
				CLANG_CXX_LANGUAGE_STANDARD = "gnu++14";
				CLANG_CXX_LIBRARY = "libc++";
				CLANG_ENABLE_MODULES = YES;
				CLANG_ENABLE_OBJC_ARC = YES;
				CLANG_WARN_BLOCK_CAPTURE_AUTORELEASING = YES;
				CLANG_WARN_BOOL_CONVERSION = YES;
				CLANG_WARN_COMMA = YES;
				CLANG_WARN_CONSTANT_CONVERSION = YES;
				CLANG_WARN_DIRECT_OBJC_ISA_USAGE = YES_ERROR;
				CLANG_WARN_DOCUMENTATION_COMMENTS = YES;
				CLANG_WARN_EMPTY_BODY = YES;
				CLANG_WARN_ENUM_CONVERSION = YES;
				CLANG_WARN_INFINITE_RECURSION = YES;
				CLANG_WARN_INT_CONVERSION = YES;
				CLANG_WARN_NON_LITERAL_NULL_CONVERSION = YES;
				CLANG_WARN_OBJC_LITERAL_CONVERSION = YES;
				CLANG_WARN_OBJC_ROOT_CLASS = YES_ERROR;
				CLANG_WARN_RANGE_LOOP_ANALYSIS = YES;
				CLANG_WARN_STRICT_PROTOTYPES = YES;
				CLANG_WARN_SUSPICIOUS_MOVE = YES;
				CLANG_WARN_UNGUARDED_AVAILABILITY = YES_AGGRESSIVE;
				CLANG_WARN_UNREACHABLE_CODE = YES;
				CLANG_WARN__DUPLICATE_METHOD_MATCH = YES;
				CODE_SIGN_IDENTITY = "iPhone Developer";
				COPY_PHASE_STRIP = NO;
				DEBUG_INFORMATION_FORMAT = "dwarf-with-dsym";
				ENABLE_NS_ASSERTIONS = NO;
				ENABLE_STRICT_OBJC_MSGSEND = YES;
				GCC_C_LANGUAGE_STANDARD = gnu11;
				GCC_NO_COMMON_BLOCKS = YES;
				GCC_WARN_64_TO_32_BIT_CONVERSION = YES;
				GCC_WARN_ABOUT_RETURN_TYPE = YES_ERROR;
				GCC_WARN_UNDECLARED_SELECTOR = YES;
				GCC_WARN_UNINITIALIZED_AUTOS = YES_AGGRESSIVE;
				GCC_WARN_UNUSED_FUNCTION = YES;
				GCC_WARN_UNUSED_VARIABLE = YES;
				IPHONEOS_DEPLOYMENT_TARGET = 11.2;
				MTL_ENABLE_DEBUG_INFO = NO;
				SDKROOT = iphoneos;
				VALIDATE_PRODUCT = YES;
			};
			name = Release;
		};
		A51CE553205BAF3300E3397D /* Debug */ = {
			isa = XCBuildConfiguration;
			buildSettings = {
				ASSETCATALOG_COMPILER_APPICON_NAME = AppIcon;
				CODE_SIGN_STYLE = Automatic;
				INFOPLIST_FILE = "$(SRCROOT)/YjjMatchBarChatDemo/SuportFiles/Info.plist";
				IPHONEOS_DEPLOYMENT_TARGET = 9.0;
				LD_RUNPATH_SEARCH_PATHS = "$(inherited) @executable_path/Frameworks";
				PRODUCT_BUNDLE_IDENTIFIER = YjjTT.YjjMatchBarChatDemo;
				PRODUCT_NAME = "$(TARGET_NAME)";
				TARGETED_DEVICE_FAMILY = "1,2";
			};
			name = Debug;
		};
		A51CE554205BAF3300E3397D /* Release */ = {
			isa = XCBuildConfiguration;
			buildSettings = {
				ASSETCATALOG_COMPILER_APPICON_NAME = AppIcon;
				CODE_SIGN_STYLE = Automatic;
				INFOPLIST_FILE = "$(SRCROOT)/YjjMatchBarChatDemo/SuportFiles/Info.plist";
				IPHONEOS_DEPLOYMENT_TARGET = 9.0;
				LD_RUNPATH_SEARCH_PATHS = "$(inherited) @executable_path/Frameworks";
				PRODUCT_BUNDLE_IDENTIFIER = YjjTT.YjjMatchBarChatDemo;
				PRODUCT_NAME = "$(TARGET_NAME)";
				TARGETED_DEVICE_FAMILY = "1,2";
			};
			name = Release;
		};
		A51CE556205BAF3300E3397D /* Debug */ = {
			isa = XCBuildConfiguration;
			buildSettings = {
				BUNDLE_LOADER = "$(TEST_HOST)";
				CODE_SIGN_STYLE = Automatic;
				INFOPLIST_FILE = YjjMatchBarChatDemoTests/Info.plist;
				LD_RUNPATH_SEARCH_PATHS = "$(inherited) @executable_path/Frameworks @loader_path/Frameworks";
				PRODUCT_BUNDLE_IDENTIFIER = YjjTT.YjjMatchBarChatDemoTests;
				PRODUCT_NAME = "$(TARGET_NAME)";
				TARGETED_DEVICE_FAMILY = "1,2";
				TEST_HOST = "$(BUILT_PRODUCTS_DIR)/YjjMatchBarChatDemo.app/YjjMatchBarChatDemo";
			};
			name = Debug;
		};
		A51CE557205BAF3300E3397D /* Release */ = {
			isa = XCBuildConfiguration;
			buildSettings = {
				BUNDLE_LOADER = "$(TEST_HOST)";
				CODE_SIGN_STYLE = Automatic;
				INFOPLIST_FILE = YjjMatchBarChatDemoTests/Info.plist;
				LD_RUNPATH_SEARCH_PATHS = "$(inherited) @executable_path/Frameworks @loader_path/Frameworks";
				PRODUCT_BUNDLE_IDENTIFIER = YjjTT.YjjMatchBarChatDemoTests;
				PRODUCT_NAME = "$(TARGET_NAME)";
				TARGETED_DEVICE_FAMILY = "1,2";
				TEST_HOST = "$(BUILT_PRODUCTS_DIR)/YjjMatchBarChatDemo.app/YjjMatchBarChatDemo";
			};
			name = Release;
		};
		A51CE559205BAF3300E3397D /* Debug */ = {
			isa = XCBuildConfiguration;
			buildSettings = {
				CODE_SIGN_STYLE = Automatic;
				INFOPLIST_FILE = YjjMatchBarChatDemoUITests/Info.plist;
				LD_RUNPATH_SEARCH_PATHS = "$(inherited) @executable_path/Frameworks @loader_path/Frameworks";
				PRODUCT_BUNDLE_IDENTIFIER = YjjTT.YjjMatchBarChatDemoUITests;
				PRODUCT_NAME = "$(TARGET_NAME)";
				TARGETED_DEVICE_FAMILY = "1,2";
				TEST_TARGET_NAME = YjjMatchBarChatDemo;
			};
			name = Debug;
		};
		A51CE55A205BAF3300E3397D /* Release */ = {
			isa = XCBuildConfiguration;
			buildSettings = {
				CODE_SIGN_STYLE = Automatic;
				INFOPLIST_FILE = YjjMatchBarChatDemoUITests/Info.plist;
				LD_RUNPATH_SEARCH_PATHS = "$(inherited) @executable_path/Frameworks @loader_path/Frameworks";
				PRODUCT_BUNDLE_IDENTIFIER = YjjTT.YjjMatchBarChatDemoUITests;
				PRODUCT_NAME = "$(TARGET_NAME)";
				TARGETED_DEVICE_FAMILY = "1,2";
				TEST_TARGET_NAME = YjjMatchBarChatDemo;
			};
			name = Release;
		};
/* End XCBuildConfiguration section */

/* Begin XCConfigurationList section */
		A51CE521205BAF3300E3397D /* Build configuration list for PBXProject "YjjMatchBarChatDemo" */ = {
			isa = XCConfigurationList;
			buildConfigurations = (
				A51CE550205BAF3300E3397D /* Debug */,
				A51CE551205BAF3300E3397D /* Release */,
			);
			defaultConfigurationIsVisible = 0;
			defaultConfigurationName = Release;
		};
		A51CE552205BAF3300E3397D /* Build configuration list for PBXNativeTarget "YjjMatchBarChatDemo" */ = {
			isa = XCConfigurationList;
			buildConfigurations = (
				A51CE553205BAF3300E3397D /* Debug */,
				A51CE554205BAF3300E3397D /* Release */,
			);
			defaultConfigurationIsVisible = 0;
			defaultConfigurationName = Release;
		};
		A51CE555205BAF3300E3397D /* Build configuration list for PBXNativeTarget "YjjMatchBarChatDemoTests" */ = {
			isa = XCConfigurationList;
			buildConfigurations = (
				A51CE556205BAF3300E3397D /* Debug */,
				A51CE557205BAF3300E3397D /* Release */,
			);
			defaultConfigurationIsVisible = 0;
			defaultConfigurationName = Release;
		};
		A51CE558205BAF3300E3397D /* Build configuration list for PBXNativeTarget "YjjMatchBarChatDemoUITests" */ = {
			isa = XCConfigurationList;
			buildConfigurations = (
				A51CE559205BAF3300E3397D /* Debug */,
				A51CE55A205BAF3300E3397D /* Release */,
			);
			defaultConfigurationIsVisible = 0;
			defaultConfigurationName = Release;
		};
/* End XCConfigurationList section */
	};
	rootObject = A51CE51E205BAF3300E3397D /* Project object */;
}
